// !$*UTF8*$!
{
	archiveVersion = 1;
	classes = {
	};
	objectVersion = 55;
	objects = {

/* Begin PBXBuildFile section */
		3DA8A4A62943147D00011D9B /* AppDelegate.swift in Sources */ = {isa = PBXBuildFile; fileRef = 3DA8A4A52943147D00011D9B /* AppDelegate.swift */; };
		3DA8A4A82943147D00011D9B /* SceneDelegate.swift in Sources */ = {isa = PBXBuildFile; fileRef = 3DA8A4A72943147D00011D9B /* SceneDelegate.swift */; };
		3DA8A4AA2943147D00011D9B /* ViewController.swift in Sources */ = {isa = PBXBuildFile; fileRef = 3DA8A4A92943147D00011D9B /* ViewController.swift */; };
		3DA8A4AD2943147D00011D9B /* Main.storyboard in Resources */ = {isa = PBXBuildFile; fileRef = 3DA8A4AB2943147D00011D9B /* Main.storyboard */; };
		3DA8A4AF2943147E00011D9B /* Assets.xcassets in Resources */ = {isa = PBXBuildFile; fileRef = 3DA8A4AE2943147E00011D9B /* Assets.xcassets */; };
		3DA8A4B22943147E00011D9B /* LaunchScreen.storyboard in Resources */ = {isa = PBXBuildFile; fileRef = 3DA8A4B02943147E00011D9B /* LaunchScreen.storyboard */; };
		3DA8A4BF29432EA800011D9B /* ItemTableViewCell.swift in Sources */ = {isa = PBXBuildFile; fileRef = 3DA8A4BE29432EA800011D9B /* ItemTableViewCell.swift */; };
		3DA8A4C129433BCA00011D9B /* DetailViewController.swift in Sources */ = {isa = PBXBuildFile; fileRef = 3DA8A4C029433BCA00011D9B /* DetailViewController.swift */; };
		3DA8A4CB29482C8700011D9B /* ListItemViewModel.swift in Sources */ = {isa = PBXBuildFile; fileRef = 3DA8A4CA29482C8700011D9B /* ListItemViewModel.swift */; };
		3DA8A4CD294835AF00011D9B /* APIHandler.swift in Sources */ = {isa = PBXBuildFile; fileRef = 3DA8A4CC294835AF00011D9B /* APIHandler.swift */; };
		3DA8A4D129487A1100011D9B /* ListItemModel.swift in Sources */ = {isa = PBXBuildFile; fileRef = 3DA8A4D029487A1100011D9B /* ListItemModel.swift */; };
		D3A735A19969EB109D8D1FAE /* Pods_ios_list_data.framework in Frameworks */ = {isa = PBXBuildFile; fileRef = B9B5D0E37250132B6D449980 /* Pods_ios_list_data.framework */; };
		E63D053429667E700066D7A8 /* Constant.swift in Sources */ = {isa = PBXBuildFile; fileRef = E63D053329667E700066D7A8 /* Constant.swift */; };
		E6E6B29E295151450002BEDB /* DetailItem.storyboard in Resources */ = {isa = PBXBuildFile; fileRef = 3DA8A4C429433CCE00011D9B /* DetailItem.storyboard */; };
/* End PBXBuildFile section */

/* Begin PBXFileReference section */
		3DA8A4A52943147D00011D9B /* AppDelegate.swift */ = {isa = PBXFileReference; lastKnownFileType = sourcecode.swift; path = AppDelegate.swift; sourceTree = "<group>"; };
		3DA8A4A72943147D00011D9B /* SceneDelegate.swift */ = {isa = PBXFileReference; lastKnownFileType = sourcecode.swift; path = SceneDelegate.swift; sourceTree = "<group>"; };
		3DA8A4A92943147D00011D9B /* ViewController.swift */ = {isa = PBXFileReference; lastKnownFileType = sourcecode.swift; path = ViewController.swift; sourceTree = "<group>"; };
		3DA8A4AC2943147D00011D9B /* Base */ = {isa = PBXFileReference; lastKnownFileType = file.storyboard; name = Base; path = Base.lproj/Main.storyboard; sourceTree = "<group>"; };
		3DA8A4AE2943147E00011D9B /* Assets.xcassets */ = {isa = PBXFileReference; lastKnownFileType = folder.assetcatalog; path = Assets.xcassets; sourceTree = "<group>"; };
		3DA8A4B12943147E00011D9B /* Base */ = {isa = PBXFileReference; lastKnownFileType = file.storyboard; name = Base; path = Base.lproj/LaunchScreen.storyboard; sourceTree = "<group>"; };
		3DA8A4B32943147E00011D9B /* Info.plist */ = {isa = PBXFileReference; lastKnownFileType = text.plist.xml; path = Info.plist; sourceTree = "<group>"; };
		3DA8A4BE29432EA800011D9B /* ItemTableViewCell.swift */ = {isa = PBXFileReference; lastKnownFileType = sourcecode.swift; path = ItemTableViewCell.swift; sourceTree = "<group>"; };
		3DA8A4C029433BCA00011D9B /* DetailViewController.swift */ = {isa = PBXFileReference; lastKnownFileType = sourcecode.swift; path = DetailViewController.swift; sourceTree = "<group>"; };
		3DA8A4C429433CCE00011D9B /* DetailItem.storyboard */ = {isa = PBXFileReference; lastKnownFileType = file.storyboard; path = DetailItem.storyboard; sourceTree = "<group>"; };
		3DA8A4CA29482C8700011D9B /* ListItemViewModel.swift */ = {isa = PBXFileReference; lastKnownFileType = sourcecode.swift; path = ListItemViewModel.swift; sourceTree = "<group>"; };
		3DA8A4CC294835AF00011D9B /* APIHandler.swift */ = {isa = PBXFileReference; lastKnownFileType = sourcecode.swift; path = APIHandler.swift; sourceTree = "<group>"; };
		3DA8A4CF2948381A00011D9B /* ios_list_data.app */ = {isa = PBXFileReference; explicitFileType = wrapper.application; includeInIndex = 0; path = ios_list_data.app; sourceTree = BUILT_PRODUCTS_DIR; };
		3DA8A4D029487A1100011D9B /* ListItemModel.swift */ = {isa = PBXFileReference; lastKnownFileType = sourcecode.swift; path = ListItemModel.swift; sourceTree = "<group>"; };
		5FD3FE3412601E957693FD0F /* Pods-ios_list_data.release.xcconfig */ = {isa = PBXFileReference; includeInIndex = 1; lastKnownFileType = text.xcconfig; name = "Pods-ios_list_data.release.xcconfig"; path = "Target Support Files/Pods-ios_list_data/Pods-ios_list_data.release.xcconfig"; sourceTree = "<group>"; };
		72E16AE01E729E890E9EC190 /* Pods-ios_list_data.debug.xcconfig */ = {isa = PBXFileReference; includeInIndex = 1; lastKnownFileType = text.xcconfig; name = "Pods-ios_list_data.debug.xcconfig"; path = "Target Support Files/Pods-ios_list_data/Pods-ios_list_data.debug.xcconfig"; sourceTree = "<group>"; };
		B9B5D0E37250132B6D449980 /* Pods_ios_list_data.framework */ = {isa = PBXFileReference; explicitFileType = wrapper.framework; includeInIndex = 0; path = Pods_ios_list_data.framework; sourceTree = BUILT_PRODUCTS_DIR; };
		E63D053329667E700066D7A8 /* Constant.swift */ = {isa = PBXFileReference; lastKnownFileType = sourcecode.swift; path = Constant.swift; sourceTree = "<group>"; };
/* End PBXFileReference section */

/* Begin PBXFrameworksBuildPhase section */
		3DA8A49F2943147D00011D9B /* Frameworks */ = {
			isa = PBXFrameworksBuildPhase;
			buildActionMask = 2147483647;
			files = (
				D3A735A19969EB109D8D1FAE /* Pods_ios_list_data.framework in Frameworks */,
			);
			runOnlyForDeploymentPostprocessing = 0;
		};
/* End PBXFrameworksBuildPhase section */

/* Begin PBXGroup section */
		3DA8A4992943147C00011D9B = {
			isa = PBXGroup;
			children = (
				3DA8A4A42943147D00011D9B /* ios_list_data */,
				CAD4F35A842615B12AE888CC /* Pods */,
				7B30596E67C189E0A70AF53B /* Frameworks */,
				3DA8A4CF2948381A00011D9B /* ios_list_data.app */,
			);
			sourceTree = "<group>";
		};
		3DA8A4A42943147D00011D9B /* ios_list_data */ = {
			isa = PBXGroup;
			children = (
				3DA8A4D4294983DF00011D9B /* Networking */,
				3DA8A4BB294314C600011D9B /* View */,
				3DA8A4BA294314A400011D9B /* ViewModel */,
				3DA8A4B92943149800011D9B /* Model */,
				3DA8A4A52943147D00011D9B /* AppDelegate.swift */,
				3DA8A4A72943147D00011D9B /* SceneDelegate.swift */,
				3DA8A4AE2943147E00011D9B /* Assets.xcassets */,
				3DA8A4B02943147E00011D9B /* LaunchScreen.storyboard */,
				3DA8A4B32943147E00011D9B /* Info.plist */,
				E63D053329667E700066D7A8 /* Constant.swift */,
			);
			path = ios_list_data;
			sourceTree = "<group>";
		};
		3DA8A4B92943149800011D9B /* Model */ = {
			isa = PBXGroup;
			children = (
				3DA8A4D029487A1100011D9B /* ListItemModel.swift */,
			);
			path = Model;
			sourceTree = "<group>";
		};
		3DA8A4BA294314A400011D9B /* ViewModel */ = {
			isa = PBXGroup;
			children = (
				3DA8A4CA29482C8700011D9B /* ListItemViewModel.swift */,
			);
			path = ViewModel;
			sourceTree = "<group>";
		};
		3DA8A4BB294314C600011D9B /* View */ = {
			isa = PBXGroup;
			children = (
				3DA8A4BD294314DD00011D9B /* DetailItem */,
				3DA8A4BC294314D300011D9B /* ListItem */,
			);
			path = View;
			sourceTree = "<group>";
		};
		3DA8A4BC294314D300011D9B /* ListItem */ = {
			isa = PBXGroup;
			children = (
				3DA8A4A92943147D00011D9B /* ViewController.swift */,
				3DA8A4AB2943147D00011D9B /* Main.storyboard */,
				3DA8A4BE29432EA800011D9B /* ItemTableViewCell.swift */,
			);
			path = ListItem;
			sourceTree = "<group>";
		};
		3DA8A4BD294314DD00011D9B /* DetailItem */ = {
			isa = PBXGroup;
			children = (
				3DA8A4C029433BCA00011D9B /* DetailViewController.swift */,
				3DA8A4C429433CCE00011D9B /* DetailItem.storyboard */,
			);
			path = DetailItem;
			sourceTree = "<group>";
		};
		3DA8A4D4294983DF00011D9B /* Networking */ = {
			isa = PBXGroup;
			children = (
				3DA8A4CC294835AF00011D9B /* APIHandler.swift */,
			);
			path = Networking;
			sourceTree = "<group>";
		};
		7B30596E67C189E0A70AF53B /* Frameworks */ = {
			isa = PBXGroup;
			children = (
				B9B5D0E37250132B6D449980 /* Pods_ios_list_data.framework */,
			);
			name = Frameworks;
			sourceTree = "<group>";
		};
		CAD4F35A842615B12AE888CC /* Pods */ = {
			isa = PBXGroup;
			children = (
				72E16AE01E729E890E9EC190 /* Pods-ios_list_data.debug.xcconfig */,
				5FD3FE3412601E957693FD0F /* Pods-ios_list_data.release.xcconfig */,
			);
			path = Pods;
			sourceTree = "<group>";
		};
/* End PBXGroup section */

/* Begin PBXNativeTarget section */
		3DA8A4A12943147D00011D9B /* ios_list_data */ = {
			isa = PBXNativeTarget;
			buildConfigurationList = 3DA8A4B62943147E00011D9B /* Build configuration list for PBXNativeTarget "ios_list_data" */;
			buildPhases = (
				0D19068884EABB87EFEDABFF /* [CP] Check Pods Manifest.lock */,
				3DA8A49E2943147D00011D9B /* Sources */,
				3DA8A49F2943147D00011D9B /* Frameworks */,
				3DA8A4A02943147D00011D9B /* Resources */,
				301FD1EE6612D2002F3D8728 /* [CP] Embed Pods Frameworks */,
			);
			buildRules = (
			);
			dependencies = (
			);
			name = ios_list_data;
			productName = ios_list_data;
			productReference = 3DA8A4CF2948381A00011D9B /* ios_list_data.app */;
			productType = "com.apple.product-type.application";
		};
/* End PBXNativeTarget section */

/* Begin PBXProject section */
		3DA8A49A2943147C00011D9B /* Project object */ = {
			isa = PBXProject;
			attributes = {
				BuildIndependentTargetsInParallel = 1;
				LastSwiftUpdateCheck = 1320;
				LastUpgradeCheck = 1320;
				TargetAttributes = {
					3DA8A4A12943147D00011D9B = {
						CreatedOnToolsVersion = 13.2.1;
					};
				};
			};
			buildConfigurationList = 3DA8A49D2943147C00011D9B /* Build configuration list for PBXProject "ios_list_data" */;
			compatibilityVersion = "Xcode 13.0";
			developmentRegion = en;
			hasScannedForEncodings = 0;
			knownRegions = (
				en,
				Base,
			);
			mainGroup = 3DA8A4992943147C00011D9B;
			productRefGroup = 3DA8A4992943147C00011D9B;
			projectDirPath = "";
			projectRoot = "";
			targets = (
				3DA8A4A12943147D00011D9B /* ios_list_data */,
			);
		};
/* End PBXProject section */

/* Begin PBXResourcesBuildPhase section */
		3DA8A4A02943147D00011D9B /* Resources */ = {
			isa = PBXResourcesBuildPhase;
			buildActionMask = 2147483647;
			files = (
				3DA8A4B22943147E00011D9B /* LaunchScreen.storyboard in Resources */,
				3DA8A4AF2943147E00011D9B /* Assets.xcassets in Resources */,
				E6E6B29E295151450002BEDB /* DetailItem.storyboard in Resources */,
				3DA8A4AD2943147D00011D9B /* Main.storyboard in Resources */,
			);
			runOnlyForDeploymentPostprocessing = 0;
		};
/* End PBXResourcesBuildPhase section */

/* Begin PBXShellScriptBuildPhase section */
		0D19068884EABB87EFEDABFF /* [CP] Check Pods Manifest.lock */ = {
			isa = PBXShellScriptBuildPhase;
			buildActionMask = 2147483647;
			files = (
			);
			inputFileListPaths = (
			);
			inputPaths = (
				"${PODS_PODFILE_DIR_PATH}/Podfile.lock",
				"${PODS_ROOT}/Manifest.lock",
			);
			name = "[CP] Check Pods Manifest.lock";
			outputFileListPaths = (
			);
			outputPaths = (
				"$(DERIVED_FILE_DIR)/Pods-ios_list_data-checkManifestLockResult.txt",
			);
			runOnlyForDeploymentPostprocessing = 0;
			shellPath = /bin/sh;
			shellScript = "diff \"${PODS_PODFILE_DIR_PATH}/Podfile.lock\" \"${PODS_ROOT}/Manifest.lock\" > /dev/null\nif [ $? != 0 ] ; then\n    # print error to STDERR\n    echo \"error: The sandbox is not in sync with the Podfile.lock. Run 'pod install' or update your CocoaPods installation.\" >&2\n    exit 1\nfi\n# This output is used by Xcode 'outputs' to avoid re-running this script phase.\necho \"SUCCESS\" > \"${SCRIPT_OUTPUT_FILE_0}\"\n";
			showEnvVarsInLog = 0;
		};
		301FD1EE6612D2002F3D8728 /* [CP] Embed Pods Frameworks */ = {
			isa = PBXShellScriptBuildPhase;
			buildActionMask = 2147483647;
			files = (
			);
			inputFileListPaths = (
				"${PODS_ROOT}/Target Support Files/Pods-ios_list_data/Pods-ios_list_data-frameworks-${CONFIGURATION}-input-files.xcfilelist",
			);
			name = "[CP] Embed Pods Frameworks";
			outputFileListPaths = (
				"${PODS_ROOT}/Target Support Files/Pods-ios_list_data/Pods-ios_list_data-frameworks-${CONFIGURATION}-output-files.xcfilelist",
			);
			runOnlyForDeploymentPostprocessing = 0;
			shellPath = /bin/sh;
			shellScript = "\"${PODS_ROOT}/Target Support Files/Pods-ios_list_data/Pods-ios_list_data-frameworks.sh\"\n";
			showEnvVarsInLog = 0;
		};
/* End PBXShellScriptBuildPhase section */

/* Begin PBXSourcesBuildPhase section */
		3DA8A49E2943147D00011D9B /* Sources */ = {
			isa = PBXSourcesBuildPhase;
			buildActionMask = 2147483647;
			files = (
				3DA8A4CD294835AF00011D9B /* APIHandler.swift in Sources */,
				E63D053429667E700066D7A8 /* Constant.swift in Sources */,
				3DA8A4BF29432EA800011D9B /* ItemTableViewCell.swift in Sources */,
				3DA8A4D129487A1100011D9B /* ListItemModel.swift in Sources */,
				3DA8A4CB29482C8700011D9B /* ListItemViewModel.swift in Sources */,
				3DA8A4AA2943147D00011D9B /* ViewController.swift in Sources */,
				3DA8A4C129433BCA00011D9B /* DetailViewController.swift in Sources */,
				3DA8A4A62943147D00011D9B /* AppDelegate.swift in Sources */,
				3DA8A4A82943147D00011D9B /* SceneDelegate.swift in Sources */,
			);
			runOnlyForDeploymentPostprocessing = 0;
		};
/* End PBXSourcesBuildPhase section */

/* Begin PBXVariantGroup section */
		3DA8A4AB2943147D00011D9B /* Main.storyboard */ = {
			isa = PBXVariantGroup;
			children = (
				3DA8A4AC2943147D00011D9B /* Base */,
			);
			name = Main.storyboard;
			sourceTree = "<group>";
		};
		3DA8A4B02943147E00011D9B /* LaunchScreen.storyboard */ = {
			isa = PBXVariantGroup;
			children = (
				3DA8A4B12943147E00011D9B /* Base */,
			);
			name = LaunchScreen.storyboard;
			sourceTree = "<group>";
		};
/* End PBXVariantGroup section */

/* Begin XCBuildConfiguration section */
		3DA8A4B42943147E00011D9B /* Debug */ = {
			isa = XCBuildConfiguration;
			buildSettings = {
				ALWAYS_SEARCH_USER_PATHS = NO;
				CLANG_ANALYZER_NONNULL = YES;
				CLANG_ANALYZER_NUMBER_OBJECT_CONVERSION = YES_AGGRESSIVE;
				CLANG_CXX_LANGUAGE_STANDARD = "gnu++17";
				CLANG_CXX_LIBRARY = "libc++";
				CLANG_ENABLE_MODULES = YES;
				CLANG_ENABLE_OBJC_ARC = YES;
				CLANG_ENABLE_OBJC_WEAK = YES;
				CLANG_WARN_BLOCK_CAPTURE_AUTORELEASING = YES;
				CLANG_WARN_BOOL_CONVERSION = YES;
				CLANG_WARN_COMMA = YES;
				CLANG_WARN_CONSTANT_CONVERSION = YES;
				CLANG_WARN_DEPRECATED_OBJC_IMPLEMENTATIONS = YES;
				CLANG_WARN_DIRECT_OBJC_ISA_USAGE = YES_ERROR;
				CLANG_WARN_DOCUMENTATION_COMMENTS = YES;
				CLANG_WARN_EMPTY_BODY = YES;
				CLANG_WARN_ENUM_CONVERSION = YES;
				CLANG_WARN_INFINITE_RECURSION = YES;
				CLANG_WARN_INT_CONVERSION = YES;
				CLANG_WARN_NON_LITERAL_NULL_CONVERSION = YES;
				CLANG_WARN_OBJC_IMPLICIT_RETAIN_SELF = YES;
				CLANG_WARN_OBJC_LITERAL_CONVERSION = YES;
				CLANG_WARN_OBJC_ROOT_CLASS = YES_ERROR;
				CLANG_WARN_QUOTED_INCLUDE_IN_FRAMEWORK_HEADER = YES;
				CLANG_WARN_RANGE_LOOP_ANALYSIS = YES;
				CLANG_WARN_STRICT_PROTOTYPES = YES;
				CLANG_WARN_SUSPICIOUS_MOVE = YES;
				CLANG_WARN_UNGUARDED_AVAILABILITY = YES_AGGRESSIVE;
				CLANG_WARN_UNREACHABLE_CODE = YES;
				CLANG_WARN__DUPLICATE_METHOD_MATCH = YES;
				COPY_PHASE_STRIP = NO;
				DEBUG_INFORMATION_FORMAT = dwarf;
				ENABLE_STRICT_OBJC_MSGSEND = YES;
				ENABLE_TESTABILITY = YES;
				GCC_C_LANGUAGE_STANDARD = gnu11;
				GCC_DYNAMIC_NO_PIC = NO;
				GCC_NO_COMMON_BLOCKS = YES;
				GCC_OPTIMIZATION_LEVEL = 0;
				GCC_PREPROCESSOR_DEFINITIONS = (
					"DEBUG=1",
					"$(inherited)",
				);
				GCC_WARN_64_TO_32_BIT_CONVERSION = YES;
				GCC_WARN_ABOUT_RETURN_TYPE = YES_ERROR;
				GCC_WARN_UNDECLARED_SELECTOR = YES;
				GCC_WARN_UNINITIALIZED_AUTOS = YES_AGGRESSIVE;
				GCC_WARN_UNUSED_FUNCTION = YES;
				GCC_WARN_UNUSED_VARIABLE = YES;
				IPHONEOS_DEPLOYMENT_TARGET = 15.2;
				MTL_ENABLE_DEBUG_INFO = INCLUDE_SOURCE;
				MTL_FAST_MATH = YES;
				ONLY_ACTIVE_ARCH = YES;
				SDKROOT = iphoneos;
				SWIFT_ACTIVE_COMPILATION_CONDITIONS = DEBUG;
				SWIFT_OPTIMIZATION_LEVEL = "-Onone";
			};
			name = Debug;
		};
		3DA8A4B52943147E00011D9B /* Release */ = {
			isa = XCBuildConfiguration;
			buildSettings = {
				ALWAYS_SEARCH_USER_PATHS = NO;
				CLANG_ANALYZER_NONNULL = YES;
				CLANG_ANALYZER_NUMBER_OBJECT_CONVERSION = YES_AGGRESSIVE;
				CLANG_CXX_LANGUAGE_STANDARD = "gnu++17";
				CLANG_CXX_LIBRARY = "libc++";
				CLANG_ENABLE_MODULES = YES;
				CLANG_ENABLE_OBJC_ARC = YES;
				CLANG_ENABLE_OBJC_WEAK = YES;
				CLANG_WARN_BLOCK_CAPTURE_AUTORELEASING = YES;
				CLANG_WARN_BOOL_CONVERSION = YES;
				CLANG_WARN_COMMA = YES;
				CLANG_WARN_CONSTANT_CONVERSION = YES;
				CLANG_WARN_DEPRECATED_OBJC_IMPLEMENTATIONS = YES;
				CLANG_WARN_DIRECT_OBJC_ISA_USAGE = YES_ERROR;
				CLANG_WARN_DOCUMENTATION_COMMENTS = YES;
				CLANG_WARN_EMPTY_BODY = YES;
				CLANG_WARN_ENUM_CONVERSION = YES;
				CLANG_WARN_INFINITE_RECURSION = YES;
				CLANG_WARN_INT_CONVERSION = YES;
				CLANG_WARN_NON_LITERAL_NULL_CONVERSION = YES;
				CLANG_WARN_OBJC_IMPLICIT_RETAIN_SELF = YES;
				CLANG_WARN_OBJC_LITERAL_CONVERSION = YES;
				CLANG_WARN_OBJC_ROOT_CLASS = YES_ERROR;
				CLANG_WARN_QUOTED_INCLUDE_IN_FRAMEWORK_HEADER = YES;
				CLANG_WARN_RANGE_LOOP_ANALYSIS = YES;
				CLANG_WARN_STRICT_PROTOTYPES = YES;
				CLANG_WARN_SUSPICIOUS_MOVE = YES;
				CLANG_WARN_UNGUARDED_AVAILABILITY = YES_AGGRESSIVE;
				CLANG_WARN_UNREACHABLE_CODE = YES;
				CLANG_WARN__DUPLICATE_METHOD_MATCH = YES;
				COPY_PHASE_STRIP = NO;
				DEBUG_INFORMATION_FORMAT = "dwarf-with-dsym";
				ENABLE_NS_ASSERTIONS = NO;
				ENABLE_STRICT_OBJC_MSGSEND = YES;
				GCC_C_LANGUAGE_STANDARD = gnu11;
				GCC_NO_COMMON_BLOCKS = YES;
				GCC_WARN_64_TO_32_BIT_CONVERSION = YES;
				GCC_WARN_ABOUT_RETURN_TYPE = YES_ERROR;
				GCC_WARN_UNDECLARED_SELECTOR = YES;
				GCC_WARN_UNINITIALIZED_AUTOS = YES_AGGRESSIVE;
				GCC_WARN_UNUSED_FUNCTION = YES;
				GCC_WARN_UNUSED_VARIABLE = YES;
				IPHONEOS_DEPLOYMENT_TARGET = 15.2;
				MTL_ENABLE_DEBUG_INFO = NO;
				MTL_FAST_MATH = YES;
				SDKROOT = iphoneos;
				SWIFT_COMPILATION_MODE = wholemodule;
				SWIFT_OPTIMIZATION_LEVEL = "-O";
				VALIDATE_PRODUCT = YES;
			};
			name = Release;
		};
		3DA8A4B72943147E00011D9B /* Debug */ = {
			isa = XCBuildConfiguration;
			baseConfigurationReference = 72E16AE01E729E890E9EC190 /* Pods-ios_list_data.debug.xcconfig */;
			buildSettings = {
				ASSETCATALOG_COMPILER_APPICON_NAME = AppIcon;
				ASSETCATALOG_COMPILER_GLOBAL_ACCENT_COLOR_NAME = AccentColor;
				CODE_SIGN_STYLE = Automatic;
				CURRENT_PROJECT_VERSION = 1;
				DEVELOPMENT_TEAM = SB48P7MG5J;
				GENERATE_INFOPLIST_FILE = YES;
				INFOPLIST_FILE = ios_list_data/Info.plist;
				INFOPLIST_KEY_UIApplicationSupportsIndirectInputEvents = YES;
				INFOPLIST_KEY_UILaunchStoryboardName = LaunchScreen;
				INFOPLIST_KEY_UIMainStoryboardFile = Main;
				INFOPLIST_KEY_UISupportedInterfaceOrientations = "";
				INFOPLIST_KEY_UISupportedInterfaceOrientations_iPad = "UIInterfaceOrientationPortrait UIInterfaceOrientationPortraitUpsideDown UIInterfaceOrientationLandscapeLeft UIInterfaceOrientationLandscapeRight";
				INFOPLIST_KEY_UISupportedInterfaceOrientations_iPhone = "UIInterfaceOrientationPortrait UIInterfaceOrientationLandscapeLeft UIInterfaceOrientationLandscapeRight";
				LD_RUNPATH_SEARCH_PATHS = (
					"$(inherited)",
					"@executable_path/Frameworks",
				);
				MARKETING_VERSION = 1.0;
				PRODUCT_BUNDLE_IDENTIFIER = com.test.ioslistdata;
				PRODUCT_NAME = "$(TARGET_NAME)";
				SWIFT_EMIT_LOC_STRINGS = YES;
				SWIFT_VERSION = 5.0;
				TARGETED_DEVICE_FAMILY = "1,2";
			};
			name = Debug;
		};
		3DA8A4B82943147E00011D9B /* Release */ = {
			isa = XCBuildConfiguration;
			baseConfigurationReference = 5FD3FE3412601E957693FD0F /* Pods-ios_list_data.release.xcconfig */;
			buildSettings = {
				ASSETCATALOG_COMPILER_APPICON_NAME = AppIcon;
				ASSETCATALOG_COMPILER_GLOBAL_ACCENT_COLOR_NAME = AccentColor;
				CODE_SIGN_STYLE = Automatic;
				CURRENT_PROJECT_VERSION = 1;
				DEVELOPMENT_TEAM = SB48P7MG5J;
				GENERATE_INFOPLIST_FILE = YES;
				INFOPLIST_FILE = ios_list_data/Info.plist;
				INFOPLIST_KEY_UIApplicationSupportsIndirectInputEvents = YES;
				INFOPLIST_KEY_UILaunchStoryboardName = LaunchScreen;
				INFOPLIST_KEY_UIMainStoryboardFile = Main;
				INFOPLIST_KEY_UISupportedInterfaceOrientations = "";
				INFOPLIST_KEY_UISupportedInterfaceOrientations_iPad = "UIInterfaceOrientationPortrait UIInterfaceOrientationPortraitUpsideDown UIInterfaceOrientationLandscapeLeft UIInterfaceOrientationLandscapeRight";
				INFOPLIST_KEY_UISupportedInterfaceOrientations_iPhone = "UIInterfaceOrientationPortrait UIInterfaceOrientationLandscapeLeft UIInterfaceOrientationLandscapeRight";
				LD_RUNPATH_SEARCH_PATHS = (
					"$(inherited)",
					"@executable_path/Frameworks",
				);
				MARKETING_VERSION = 1.0;
				PRODUCT_BUNDLE_IDENTIFIER = com.test.ioslistdata;
				PRODUCT_NAME = "$(TARGET_NAME)";
				SWIFT_EMIT_LOC_STRINGS = YES;
				SWIFT_VERSION = 5.0;
				TARGETED_DEVICE_FAMILY = "1,2";
			};
			name = Release;
		};
/* End XCBuildConfiguration section */

/* Begin XCConfigurationList section */
		3DA8A49D2943147C00011D9B /* Build configuration list for PBXProject "ios_list_data" */ = {
			isa = XCConfigurationList;
			buildConfigurations = (
				3DA8A4B42943147E00011D9B /* Debug */,
				3DA8A4B52943147E00011D9B /* Release */,
			);
			defaultConfigurationIsVisible = 0;
			defaultConfigurationName = Release;
		};
		3DA8A4B62943147E00011D9B /* Build configuration list for PBXNativeTarget "ios_list_data" */ = {
			isa = XCConfigurationList;
			buildConfigurations = (
				3DA8A4B72943147E00011D9B /* Debug */,
				3DA8A4B82943147E00011D9B /* Release */,
			);
			defaultConfigurationIsVisible = 0;
			defaultConfigurationName = Release;
		};
/* End XCConfigurationList section */
	};
	rootObject = 3DA8A49A2943147C00011D9B /* Project object */;
}
